
Microsoft Visual Studio Solution File, Format Version 12.00
Project("{FAE04EC0-301F-11D3-BF4B-00C04F79EFBC}") = "BudgetApp", "BudgetApp\BudgetApp.csproj", "{66C6DB76-4859-43E3-AD11-E1224526E221}"
EndProject
Global
	GlobalSection(SolutionConfigurationPlatforms) = preSolution
		Debug|Any CPU = Debug|Any CPU
		Release|Any CPU = Release|Any CPU
	EndGlobalSection
	GlobalSection(ProjectConfigurationPlatforms) = postSolution
		{66C6DB76-4859-43E3-AD11-E1224526E221}.Debug|Any CPU.ActiveCfg = Debug|Any CPU
		{66C6DB76-4859-43E3-AD11-E1224526E221}.Debug|Any CPU.Build.0 = Debug|Any CPU
		{66C6DB76-4859-43E3-AD11-E1224526E221}.Release|Any CPU.ActiveCfg = Release|Any CPU
		{66C6DB76-4859-43E3-AD11-E1224526E221}.Release|Any CPU.Build.0 = Release|Any CPU
	EndGlobalSection
EndGlobal
